
Microsoft Visual Studio Solution File, Format Version 12.00
# Visual Studio Version 16
VisualStudioVersion = 16.0.29519.87
MinimumVisualStudioVersion = 10.0.40219.1
Project("{9A19103F-16F7-4668-BE54-9A1E7A4F7556}") = "MovieStore.API", "MovieStore\MovieStore.API.csproj", "{F03206C0-8ABE-48AD-8E0F-9CED27A5CEEE}"
EndProject
Project("{9A19103F-16F7-4668-BE54-9A1E7A4F7556}") = "MovieStore.DataAccess", "MovieStore.DataAccess\MovieStore.DataAccess.csproj", "{A08D0B0F-ADF6-4BAA-86F7-7B74937658CD}"
EndProject
Project("{9A19103F-16F7-4668-BE54-9A1E7A4F7556}") = "MovieStore.Services", "MovieStore.Services\MovieStore.Services.csproj", "{2B2E7686-5523-4830-BF3D-B668C20D1E2A}"
EndProject
Project("{FAE04EC0-301F-11D3-BF4B-00C04F79EFBC}") = "MovieStore.DataTransfer", "MovieStore.DTO\MovieStore.DataTransfer.csproj", "{C4CE1228-91B8-45F5-8A57-4EE2F5CB4979}"
EndProject
Global
	GlobalSection(SolutionConfigurationPlatforms) = preSolution
		Debug|Any CPU = Debug|Any CPU
		Release|Any CPU = Release|Any CPU
	EndGlobalSection
	GlobalSection(ProjectConfigurationPlatforms) = postSolution
		{F03206C0-8ABE-48AD-8E0F-9CED27A5CEEE}.Debug|Any CPU.ActiveCfg = Debug|Any CPU
		{F03206C0-8ABE-48AD-8E0F-9CED27A5CEEE}.Debug|Any CPU.Build.0 = Debug|Any CPU
		{F03206C0-8ABE-48AD-8E0F-9CED27A5CEEE}.Release|Any CPU.ActiveCfg = Release|Any CPU
		{F03206C0-8ABE-48AD-8E0F-9CED27A5CEEE}.Release|Any CPU.Build.0 = Release|Any CPU
		{A08D0B0F-ADF6-4BAA-86F7-7B74937658CD}.Debug|Any CPU.ActiveCfg = Debug|Any CPU
		{A08D0B0F-ADF6-4BAA-86F7-7B74937658CD}.Debug|Any CPU.Build.0 = Debug|Any CPU
		{A08D0B0F-ADF6-4BAA-86F7-7B74937658CD}.Release|Any CPU.ActiveCfg = Release|Any CPU
		{A08D0B0F-ADF6-4BAA-86F7-7B74937658CD}.Release|Any CPU.Build.0 = Release|Any CPU
		{2B2E7686-5523-4830-BF3D-B668C20D1E2A}.Debug|Any CPU.ActiveCfg = Debug|Any CPU
		{2B2E7686-5523-4830-BF3D-B668C20D1E2A}.Debug|Any CPU.Build.0 = Debug|Any CPU
		{2B2E7686-5523-4830-BF3D-B668C20D1E2A}.Release|Any CPU.ActiveCfg = Release|Any CPU
		{2B2E7686-5523-4830-BF3D-B668C20D1E2A}.Release|Any CPU.Build.0 = Release|Any CPU
		{C4CE1228-91B8-45F5-8A57-4EE2F5CB4979}.Debug|Any CPU.ActiveCfg = Debug|Any CPU
		{C4CE1228-91B8-45F5-8A57-4EE2F5CB4979}.Debug|Any CPU.Build.0 = Debug|Any CPU
		{C4CE1228-91B8-45F5-8A57-4EE2F5CB4979}.Release|Any CPU.ActiveCfg = Release|Any CPU
		{C4CE1228-91B8-45F5-8A57-4EE2F5CB4979}.Release|Any CPU.Build.0 = Release|Any CPU
	EndGlobalSection
	GlobalSection(SolutionProperties) = preSolution
		HideSolutionNode = FALSE
	EndGlobalSection
	GlobalSection(ExtensibilityGlobals) = postSolution
		SolutionGuid = {44F9416A-D236-4228-A6F0-D16B58F40401}
	EndGlobalSection
EndGlobal
